
Microsoft Visual Studio Solution File, Format Version 12.00
# Visual Studio 2012
Project("{FAE04EC0-301F-11D3-BF4B-00C04F79EFBC}") = "servicehost", "servicehost\servicehost.csproj", "{F0176FC7-ACC8-46FF-9DF3-90157205D69C}"
EndProject
Project("{FAE04EC0-301F-11D3-BF4B-00C04F79EFBC}") = "servicehost.contract", "servicehost.contract\servicehost.contract.csproj", "{AFA702A0-4CD9-452B-90A0-CB52C48170AE}"
EndProject
Project("{FAE04EC0-301F-11D3-BF4B-00C04F79EFBC}") = "demoservice", "demoservice\demoservice.csproj", "{85B85E4F-99A6-4174-A770-9DE650B1CC47}"
EndProject
Global
	GlobalSection(SolutionConfigurationPlatforms) = preSolution
		Debug|x86 = Debug|x86
		Release|x86 = Release|x86
	EndGlobalSection
	GlobalSection(ProjectConfigurationPlatforms) = postSolution
		{F0176FC7-ACC8-46FF-9DF3-90157205D69C}.Debug|x86.ActiveCfg = Debug|x86
		{F0176FC7-ACC8-46FF-9DF3-90157205D69C}.Debug|x86.Build.0 = Debug|x86
		{F0176FC7-ACC8-46FF-9DF3-90157205D69C}.Release|x86.ActiveCfg = Release|x86
		{F0176FC7-ACC8-46FF-9DF3-90157205D69C}.Release|x86.Build.0 = Release|x86
		{AFA702A0-4CD9-452B-90A0-CB52C48170AE}.Debug|x86.ActiveCfg = Debug|Any CPU
		{AFA702A0-4CD9-452B-90A0-CB52C48170AE}.Debug|x86.Build.0 = Debug|Any CPU
		{AFA702A0-4CD9-452B-90A0-CB52C48170AE}.Release|x86.ActiveCfg = Release|Any CPU
		{AFA702A0-4CD9-452B-90A0-CB52C48170AE}.Release|x86.Build.0 = Release|Any CPU
		{85B85E4F-99A6-4174-A770-9DE650B1CC47}.Debug|x86.ActiveCfg = Debug|Any CPU
		{85B85E4F-99A6-4174-A770-9DE650B1CC47}.Debug|x86.Build.0 = Debug|Any CPU
		{85B85E4F-99A6-4174-A770-9DE650B1CC47}.Release|x86.ActiveCfg = Release|Any CPU
		{85B85E4F-99A6-4174-A770-9DE650B1CC47}.Release|x86.Build.0 = Release|Any CPU
	EndGlobalSection
	GlobalSection(NestedProjects) = preSolution
	EndGlobalSection
EndGlobal
